github.com/ProtonMail/go-crypto v1.1.6 h1:ZcV+Ropw6Qn0AX9brlQLAUXfqLBc7Bl+f/DmNxpLfdw=
github.com/agext/levenshtein v1.2.3 h1:YB2fHEn0UJagG8T1rrWknE3ZQzWM06O8AMAatNn7lmo=
github.com/agext/levenshtein v1.2.3/go.mod h1:JEDfjyjHDjOF/1e4FlBE/PkbqA9OfWu2ki2W0IB5558=
github.com/apparentlymart/go-textseg/v15 v15.0.0 h1:uYvfpb3DyLSCGWnctWKGj857c6ew1u1fNQOlOtuGxQY=
github.com/apparentlymart/go-textseg/v15 v15.0.0/go.mod h1:K8XmNZdhEBkdlyDdvbmmsvpAG721bKi0joRfFdHIWJ4=
github.com/cloudflare/circl v1.6.1 h1:zqIqSPIndyBh1bjLVVDHMPpVKqp8Su/V+6MeDzzQBQ0=
github.com/davecgh/go-spew v1.1.0/go.mod h1:J7Y8YcW2NihsgmVo/mv3lAwl/skON4iLHjSsI+c5H38=
github.com/davecgh/go-spew v1.1.1/go.mod h1:J7Y8YcW2NihsgmVo/mv3lAwl/skON4iLHjSsI+c5H38=
github.com/davecgh/go-spew v1.1.2-0.20180830191138-d8f796af33cc h1:U9qPSI2PIWSS1VwoXQT9A3Wy9MM3WgvqSxFWenqJduM=
github.com/fatih/color v1.13.0/go.mod h1:kLAiJbzzSOZDVNGyDpeOxJ47H46qBXwg5ILebYFFOfk=
github.com/fatih/color v1.18.0 h1:S8gINlzdQ840/4pfAwic/ZE0djQEH3wM94VfqLTZcOM=
github.com/fatih/color v1.18.0/go.mod h1:4FelSpRwEGDpQ12mAdzqdOukCy4u8WUtOY6lkT/6HfU=
github.com/golang-jwt/jwt/v5 v5.3.1 h1:kYf81DTWFe7t+1VvL7eS+jKFVWaUnK9cB1qbwn63YCY=
github.com/golang-jwt/jwt/v5 v5.3.1/go.mod h1:fxCRLWMO43lRc8nhHWY6LGqRcf+1gQWArsqaEUEa5bE=
github.com/golang/protobuf v1.5.4 h1:i7eJL8qZTpSEXOPTxNKhASYpMn+8e5Q6AdndVa1dWek=
github.com/golang/protobuf v1.5.4/go.mod h1:lnTiLA8Wa4RWRcIUkrtSVa5nRhsEGBg48fD6rSs7xps=
github.com/google/go-cmp v0.7.0 h1:wk8382ETsv4JYUZwIsn6YpYiWiBsYLSJiTsyBybVuN8=
github.com/google/go-cmp v0.7.0/go.mod h1:pXiqmnSA92OHEEa9HXL2W4E7lf9JzCmGVUdgjX3N/iU=
github.com/google/uuid v1.6.0 h1:NIvaJDMOsjHA8n1jAhLSgzrAzy1Hgr+hNrb57e+94F0=
github.com/google/uuid v1.6.0/go.mod h1:TIyPZe4MgqvfeYDBFedMoGGpEw/LqOeaOT+nhxU+yHo=
github.com/gorilla/mux v1.8.1 h1:TuBL49tXwgrFYWhqrNgrUNEY92u81SPhu7sTdzQEiWY=
github.com/hashicorp/errwrap v1.1.0 h1:OxrOeh75EUXMY8TBjag2fzXGZ40LB6IKw45YeGUDY2I=
github.com/hashicorp/go-checkpoint v0.5.0 h1:MFYpPZCnQqQTE18jFwSII6eUQrD/oxMFp3mlgcqk5mU=
github.com/hashicorp/go-cleanhttp v0.5.2 h1:035FKYIWjmULyFRBKPs8TBQoi0x6d9G4xc9neXJWAZQ=
github.com/hashicorp/go-cleanhttp v0.5.2/go.mod h1:kO/YDlP8L1346E6Sodw+PrpBSV4/SoxCXGY6BqNFT48=
github.com/hashicorp/go-cty v1.5.0 h1:EkQ/v+dDNUqnuVpmS5fPqyY71NXVgT5gf32+57xY8g0=
github.com/hashicorp/go-cty v1.5.0/go.mod h1:lFUCG5kd8exDobgSfyj4ONE/dc822kiYMguVKdHGMLM=
github.com/hashicorp/go-hclog v1.6.3 h1:Qr2kF+eVWjTiYmU7Y31tYlP1h0q/X3Nl3tPGdaB11/k=
github.com/hashicorp/go-hclog v1.6.3/go.mod h1:W4Qnvbt70Wk/zYJryRzDRU/4r0kIg0PVHBcfoyhpF5M=
github.com/hashicorp/go-multierror v1.1.1 h1:H5DkEtf6CXdFp0N0Em5UCwQpXMWke8IA0+lD48awMYo=
github.com/hashicorp/go-plugin v1.7.0 h1:YghfQH/0QmPNc/AZMTFE3ac8fipZyZECHdDPshfk+mA=
github.com/hashicorp/go-plugin v1.7.0/go.mod h1:BExt6KEaIYx804z8k4gRzRLEvxKVb+kn0NMcihqOqb8=
github.com/hashicorp/go-retryablehttp v0.7.7 h1:C8hUCYzor8PIfXHa4UrZkU4VvK8o9ISHxT2Q8+VepXU=
github.com/hashicorp/go-retryablehttp v0.7.7/go.mod h1:pkQpWZeYWskR+D1tR2O5OcBFOxfA7DoAO6xtkuQnHTk=
github.com/hashicorp/go-uuid v1.0.3 h1:2gKiV6YVmrJ1i2CKKa9obLvRieoRGviZFL26PcT/Co8=
github.com/hashicorp/go-uuid v1.0.3/go.mod h1:6SBZvOh/SIDV7/2o3Jml5SYk/TvGqwFJ/bN7x4byOro=
github.com/hashicorp/go-version v1.7.0 h1:5tqGy27NaOTB8yJKUZELlFAS/LTKJkrmONwQKeRZfjY=
github.com/hashicorp/go-version v1.7.0/go.mod h1:fltr4n8CU8Ke44wwGCBoEymUuxUHl09ZGVZPK5anwXA=
github.com/hashicorp/hc-install v0.9.2 h1:v80EtNX4fCVHqzL9Lg/2xkp62bbvQMnvPQ0G+OmtO24=
github.com/hashicorp/hcl/v2 v2.24.0 h1:2QJdZ454DSsYGoaE6QheQZjtKZSUs9Nh2izTWiwQxvE=
github.com/hashicorp/hcl/v2 v2.24.0/go.mod h1:oGoO1FIQYfn/AgyOhlg9qLC6/nOJPX3qGbkZpYAcqfM=
github.com/hashicorp/logutils v1.0.0 h1:dLEQVugN8vlakKOUE3ihGLTZJRB4j+M2cdTm/ORI65Y=
github.com/hashicorp/logutils v1.0.0/go.mod h1:QIAnNjmIWmVIIkWDTG1z5v++HQmx9WQRO+LraFDTW64=
github.com/hashicorp/terraform-exec v0.24.0 h1:mL0xlk9H5g2bn0pPF6JQZk5YlByqSqrO5VoaNtAf8OE=
github.com/hashicorp/terraform-json v0.27.2 h1:BwGuzM6iUPqf9JYM/Z4AF1OJ5VVJEEzoKST/tRDBJKU=
github.com/hashicorp/terraform-plugin-framework v1.17.0 h1:JdX50CFrYcYFY31gkmitAEAzLKoBgsK+iaJjDC8OexY=
github.com/hashicorp/terraform-plugin-framework v1.17.0/go.mod h1:4OUXKdHNosX+ys6rLgVlgklfxN3WHR5VHSOABeS/BM0=
github.com/hashicorp/terraform-plugin-framework-validators v0.19.0 h1:Zz3iGgzxe/1XBkooZCewS0nJAaCFPFPHdNJd8FgE4Ow=
github.com/hashicorp/terraform-plugin-framework-validators v0.19.0/go.mod h1:GBKTNGbGVJohU03dZ7U8wHqc2zYnMUawgCN+gC0itLc=
github.com/hashicorp/terraform-plugin-go v0.29.0 h1:1nXKl/nSpaYIUBU1IG/EsDOX0vv+9JxAltQyDMpq5mU=
github.com/hashicorp/terraform-plugin-go v0.29.0/go.mod h1:vYZbIyvxyy0FWSmDHChCqKvI40cFTDGSb3D8D70i9GM=
github.com/hashicorp/terraform-plugin-log v0.10.0 h1:eu2kW6/QBVdN4P3Ju2WiB2W3ObjkAsyfBsL3Wh1fj3g=
github.com/hashicorp/terraform-plugin-log v0.10.0/go.mod h1:/9RR5Cv2aAbrqcTSdNmY1NRHP4E3ekrXRGjqORpXyB0=
github.com/hashicorp/terraform-plugin-sdk/v2 v2.38.1 h1:mlAq/OrMlg04IuJT7NpefI1wwtdpWudnEmjuQs04t/4=
github.com/hashicorp/terraform-plugin-sdk/v2 v2.38.1/go.mod h1:GQhpKVvvuwzD79e8/NZ+xzj+ZpWovdPAe8nfV/skwNU=
github.com/hashicorp/terraform-plugin-testing v1.14.0 h1:5t4VKrjOJ0rg0sVuSJ86dz5K7PHsMO6OKrHFzDBerWA=
github.com/hashicorp/terraform-registry-address v0.4.0 h1:S1yCGomj30Sao4l5BMPjTGZmCNzuv7/GDTDX99E9gTk=
github.com/hashicorp/terraform-registry-address v0.4.0/go.mod h1:LRS1Ay0+mAiRkUyltGT+UHWkIqTFvigGn/LbMshfflE=
github.com/hashicorp/terraform-svchost v0.1.1 h1:EZZimZ1GxdqFRinZ1tpJwVxxt49xc/S52uzrw4x0jKQ=
github.com/hashicorp/terraform-svchost v0.1.1/go.mod h1:mNsjQfZyf/Jhz35v6/0LWcv26+X7JPS+buii2c9/ctc=
github.com/hashicorp/yamux v0.1.2 h1:XtB8kyFOyHXYVFnwT5C3+Bdo8gArse7j2AQ0DA0Uey8=
github.com/hashicorp/yamux v0.1.2/go.mod h1:C+zze2n6e/7wshOZep2A70/aQU6QBRWJO/G6FT1wIns=
github.com/mattn/go-colorable v0.1.9/go.mod h1:u6P/XSegPjTcexA+o6vUJrdnUu04hMope9wVRipJSqc=
github.com/mattn/go-colorable v0.1.12/go.mod h1:u5H1YNBxpqRaxsYJYSkiCWKzEfiAb1Gb520KVy5xxl4=
github.com/mattn/go-colorable v0.1.14 h1:9A9LHSqF/7dyVVX6g0U9cwm9pG3kP9gSzcuIPHPsaIE=
github.com/mattn/go-colorable v0.1.14/go.mod h1:6LmQG8QLFO4G5z1gPvYEzlUgJ2wF+stgPZH1UqBm1s8=
github.com/mattn/go-isatty v0.0.12/go.mod h1:cbi8OIDigv2wuxKPP5vlRcQ1OAZbq2CE4Kysco4FUpU=
github.com/mattn/go-isatty v0.0.14/go.mod h1:7GGIvUiUoEMVVmxf/4nioHXj79iQHKdU27kJ6hsGG94=
github.com/mattn/go-isatty v0.0.20 h1:xfD0iDuEKnDkl03q4limB+vH+GxLEtL/jb4xVJSWWEY=
github.com/mattn/go-isatty v0.0.20/go.mod h1:W+V8PltTTMOvKvAeJH7IuucS94S2C6jfK/D7dTCTo3Y=
github.com/mitchellh/copystructure v1.2.0 h1:vpKXTN4ewci03Vljg/q9QvCGUDttBOGBIa15WveJJGw=
github.com/mitchellh/copystructure v1.2.0/go.mod h1:qLl+cE2AmVv+CoeAwDPye/v+N2HKCj9FbZEVFJRxO9s=
github.com/mitchellh/go-testing-interface v1.14.1 h1:jrgshOhYAUVNMAJiKbEu7EqAwgJJ2JqpQmpLJOu07cU=
github.com/mitchellh/go-testing-interface v1.14.1/go.mod h1:gfgS7OtZj6MA4U1UrDRp04twqAjfvlZyCfX3sDjEym8=
github.com/mitchellh/go-wordwrap v1.0.1 h1:TLuKupo69TCn6TQSyGxwI1EblZZEsQ0vMlAFQflz0v0=
github.com/mitchellh/go-wordwrap v1.0.1/go.mod h1:R62XHJLzvMFRBbcrT7m7WgmE1eOyTSsCt+hzestvNj0=
github.com/mitchellh/mapstructure v1.5.0 h1:jeMsZIYE/09sWLaz43PL7Gy6RuMjD2eJVyuac5Z2hdY=
github.com/mitchellh/mapstructure v1.5.0/go.mod h1:bFUtVrKA4DC2yAKiSyO/QUcy7e+RRV2QTWOzhPopBRo=
github.com/mitchellh/reflectwalk v1.0.2 h1:G2LzWKi524PWgd3mLHV8Y5k7s6XUvT0Gef6zxSIeXaQ=
github.com/mitchellh/reflectwalk v1.0.2/go.mod h1:mSTlrgnPZtwu0c4WaC2kGObEpuNDbx0jmZXqmk4esnw=
github.com/oklog/run v1.2.0 h1:O8x3yXwah4A73hJdlrwo/2X6J62gE5qTMusH0dvz60E=
github.com/oklog/run v1.2.0/go.mod h1:mgDbKRSwPhJfesJ4PntqFUbKQRZ50NgmZTSPlFA0YFk=
github.com/pmezard/go-difflib v1.0.0/go.mod h1:iKH77koFhYxTK1pcRnkKkqfTogsbg7gZNVY4sRDYZ/4=
github.com/pmezard/go-difflib v1.0.1-0.20181226105442-5d4384ee4fb2 h1:Jamvg5psRIccs7FGNTlIRMkT8wgtp5eCXdBlqhYGL6U=
github.com/stackitcloud/stackit-sdk-go/core v0.21.1 h1:Y/PcAgM7DPYMNqum0MLv4n1mF9ieuevzcCIZYQfm3Ts=
github.com/stackitcloud/stackit-sdk-go/core v0.21.1/go.mod h1:osMglDby4csGZ5sIfhNyYq1bS1TxIdPY88+skE/kkmI=
github.com/stackitcloud/stackit-sdk-go/services/authorization v0.12.0 h1:HxPgBu04j5tj6nfZ2r0l6v4VXC0/tYOGe4sA5Addra8=
github.com/stackitcloud/stackit-sdk-go/services/authorization v0.12.0/go.mod h1:uYI9pHAA2g84jJN25ejFUxa0/JtfpPZqMDkctQ1BzJk=
github.com/stackitcloud/stackit-sdk-go/services/cdn v1.9.4 h1:6xBogGvhlw/F74g2aK1iSRoOUdiP37pjRK9DTgNZF3o=
github.com/stackitcloud/stackit-sdk-go/services/cdn v1.9.4/go.mod h1:vvWMnaLTsgAj9bTUwrCkC9NN+U4NCXMCOAkU8ExlReE=
github.com/stackitcloud/stackit-sdk-go/services/dns v0.17.6 h1:GBRb49x5Nax/oQQaaf2F3kKwv8DQQOL0TQOC0C/v/Ew=
github.com/stackitcloud/stackit-sdk-go/services/dns v0.17.6/go.mod h1:IX9iL3MigDZUmzwswTJMfYvyi118KAHrFMfjJUy5NYk=
github.com/stackitcloud/stackit-sdk-go/services/edge v0.4.3 h1:TxChb2qbO82JiQEBYClSSD5HZxqKeKJ6dIvkEUCJmbs=
github.com/stackitcloud/stackit-sdk-go/services/edge v0.4.3/go.mod h1:KVWvQHb7CQLD9DzA4Np3WmakiCCsrHaCXvFEnOQ7nPk=
github.com/stackitcloud/stackit-sdk-go/services/git v0.10.3 h1:VIjkSofZz9utOOkBdNZCIb07P/JdKc1kHV1P8Rq9dLc=
github.com/stackitcloud/stackit-sdk-go/services/git v0.10.3/go.mod h1:EJk1Ss9GTel2NPIu/w3+x9XcQcEd2k3ibea5aQDzVhQ=
github.com/stackitcloud/stackit-sdk-go/services/iaas v1.3.5 h1:W57+XRa8wTLsi5CV9Tqa7mGgt/PvlRM//RurXSmvII8=
github.com/stackitcloud/stackit-sdk-go/services/iaas v1.3.5/go.mod h1:lTWjW57eAq1bwfM6nsNinhoBr3MHFW/GaFasdAsYfDM=
github.com/stackitcloud/stackit-sdk-go/services/kms v1.3.2 h1:2ulSL2IkIAKND59eAjbEhVkOoBMyvm48ojwz1a3t0U0=
github.com/stackitcloud/stackit-sdk-go/services/kms v1.3.2/go.mod h1:cuIaMMiHeHQsbvy7BOFMutoV3QtN+ZBx7Tg3GmYUw7s=
github.com/stackitcloud/stackit-sdk-go/services/loadbalancer v1.7.3 h1:d/qIj+XNaqByVbLvwpWoA0Ekv0yrONWyNswg4/jGX7Y=
github.com/stackitcloud/stackit-sdk-go/services/loadbalancer v1.7.3/go.mod h1:ClPE4TOM1FeaJiwTXvApq4gWaSgTLq6nU3PPHAIQDN4=
github.com/stackitcloud/stackit-sdk-go/services/logme v0.25.6 h1:4x30lC+YBmo7XpsAzTn0W+C/oP5flnLVgIh5u3O/P0o=
github.com/stackitcloud/stackit-sdk-go/services/logme v0.25.6/go.mod h1:ewaYUiZcBTSS6urE5zEJBPCqxu70w2IjnBHCvnKdFKE=
github.com/stackitcloud/stackit-sdk-go/services/logs v0.5.2 h1:vr4atxFRT+EL+DqONMT5R44f7AzEMbePa9U7PEE0THU=
github.com/stackitcloud/stackit-sdk-go/services/logs v0.5.2/go.mod h1:CAPsiTX7osAImfrG5RnIjaJ/Iz3QpoBKuH2fS346wuQ=
github.com/stackitcloud/stackit-sdk-go/services/mariadb v0.25.6 h1:Y/byRjX2u/OZl0gKS/Rau6ob2bDyv26xnw6A6JNkKJk=
github.com/stackitcloud/stackit-sdk-go/services/mariadb v0.25.6/go.mod h1:sY66ZgCgBc1mScPV95ek5WtUEGYizdP1RMsGaqbdbhw=
github.com/stackitcloud/stackit-sdk-go/services/modelserving v0.6.5 h1:nT/H4WvYaMKWtoE1QtXGuKjlmh7FW+efG3xElRsJhsI=
github.com/stackitcloud/stackit-sdk-go/services/modelserving v0.6.5/go.mod h1:VWaQAtaAXjWhs1WDG/ZSRpCtIx1NK82Q4ZnKcOdthK4=
github.com/stackitcloud/stackit-sdk-go/services/mongodbflex v1.5.8 h1:S7t4wcT6SN8ZzdoY8d6VbF903zFpGjzqrU0FN27rJPg=
github.com/stackitcloud/stackit-sdk-go/services/mongodbflex v1.5.8/go.mod h1:CdrhFUsBO7/iJleCc2yQjDChIbG6YaxKNBQRNCjgcF4=
github.com/stackitcloud/stackit-sdk-go/services/objectstorage v1.4.5 h1:4gpvB6t7d2lLjInoTxcvjL9jCpBl5EDfYe5yUtR1MvA=
github.com/stackitcloud/stackit-sdk-go/services/objectstorage v1.4.5/go.mod h1:Bdcd59sRySyhfSUCy+5BNkp5w9PECmrywdvt+ORMKnI=
github.com/stackitcloud/stackit-sdk-go/services/observability v0.16.3 h1:J/R6iBALMiNpg+JDEx1adH50TM4UTF/KBYFuHENMKIs=
github.com/stackitcloud/stackit-sdk-go/services/observability v0.16.3/go.mod h1:9KdrXC5JS30Ay3mR0adb3vNdhca+qxiy/cPF5P4wehQ=
github.com/stackitcloud/stackit-sdk-go/services/opensearch v0.24.6 h1:oTVx1+O177Ojn8OvXIOUbRSwtx7L59jhxDPrZEQFOfQ=
github.com/stackitcloud/stackit-sdk-go/services/opensearch v0.24.6/go.mod h1:6ZBeCCY6qG8w1oK7osf61Egyv3mp7Ahv6GDGxiarDGo=
github.com/stackitcloud/stackit-sdk-go/services/postgresflex v1.3.5 h1:H67e3KnHQx954yI8fuQmxXwRf/myqAdLg2KvxImp00g=
github.com/stackitcloud/stackit-sdk-go/services/postgresflex v1.3.5/go.mod h1:xmAWk9eom8wznvLuLfm0F4xyeiBX8LaggXsKFmos+dw=
github.com/stackitcloud/stackit-sdk-go/services/rabbitmq v0.25.6 h1:+TFfl1ON/uM5aO0FdkBNYKBa7vx0zrCYVtX6zvqQYBA=
github.com/stackitcloud/stackit-sdk-go/services/rabbitmq v0.25.6/go.mod h1:hnhvlLX1Y71R8KIQqLBeoSZqkU5ZJOG0J4wz0LeUdaw=
github.com/stackitcloud/stackit-sdk-go/services/redis v0.25.6 h1:CXM9cZ9WeTyJd+Aw/hnJnDsKRVAQi4qgtd0RJ3zoPwo=
github.com/stackitcloud/stackit-sdk-go/services/redis v0.25.6/go.mod h1:KJNceOHRefjku1oVBoHG7idCS/SeW42WJ+55bN3AxrQ=
github.com/stackitcloud/stackit-sdk-go/services/resourcemanager v0.18.5 h1:MZ5aTO2NQ1Jecmi67ByGskve5nKXHl91fE+z+vFjxt4=
github.com/stackitcloud/stackit-sdk-go/services/resourcemanager v0.18.5/go.mod h1:CJLmdqWvJm5/3+lXPDKu8k4WXs2UG8euGoqQX5xE79k=
github.com/stackitcloud/stackit-sdk-go/services/scf v0.4.3 h1:ZM3V8ON60jbQuSQsXP+7pdw7uleGfNYrM2dc/mNob9Y=
github.com/stackitcloud/stackit-sdk-go/services/scf v0.4.3/go.mod h1:VYD+ErIhDLulexh3vpDTRhPTYQVoVfyW8DPD79Q8I+s=
github.com/stackitcloud/stackit-sdk-go/services/secretsmanager v0.14.3 h1:3hZSg3z+4AXa5LbR2Vl38VmSA83ABItE63E53LuyWv8=
github.com/stackitcloud/stackit-sdk-go/services/secretsmanager v0.14.3/go.mod h1:5unx5r0IgeFCtJDEgsWddtgKvYSw442FDNdhtfyJnQI=
github.com/stackitcloud/stackit-sdk-go/services/serverbackup v1.3.8 h1:LLyANBzE8sQa0/49tQBqq4sVLhNgwdqCeQm76srJHWw=
github.com/stackitcloud/stackit-sdk-go/services/serverbackup v1.3.8/go.mod h1:/bmg57XZu+bGczzcoumrukiGMPGzI2mOyTT4BVIQUBs=
github.com/stackitcloud/stackit-sdk-go/services/serverupdate v1.2.6 h1:sQ3fdtUjgIL2Ul8nRYVVacHOwi5aSMTGGbYVL30oQBU=
github.com/stackitcloud/stackit-sdk-go/services/serverupdate v1.2.6/go.mod h1:3fjlL+9YtuI9Oocl1ZeYIK48ImtY4DwPggFhqAygr7o=
github.com/stackitcloud/stackit-sdk-go/services/serviceaccount v0.11.6 h1:WU76mZkJP6diMDjGFqM8On6fZhUDmGcy6ppX0+kWx9Y=
github.com/stackitcloud/stackit-sdk-go/services/serviceaccount v0.11.6/go.mod h1:hRllU+yEJM6ovrLeXwVeT5hI70ftPKjX4z/Nj8TZqJw=
github.com/stackitcloud/stackit-sdk-go/services/serviceenablement v1.2.7 h1:M2PYLF8k3zmAwYWSKfUiCTNTXr7ROGuJganVVEQA3YI=
github.com/stackitcloud/stackit-sdk-go/services/serviceenablement v1.2.7/go.mod h1:jitkQuP2K/SH63Qor0C4pcqz1GDCy/lK2H4t8/VDse4=
github.com/stackitcloud/stackit-sdk-go/services/sfs v0.3.0 h1:4567q2dFp3Hw+5Kx+NLDKDcMWsRHMazTlh5aBrhlkXs=
github.com/stackitcloud/stackit-sdk-go/services/sfs v0.3.0/go.mod h1:r5lBwzJpJe2xBIYctkVIIpaZ41Y6vUEpkmsWR2VoQJs=
github.com/stackitcloud/stackit-sdk-go/services/ske v1.6.3 h1:c+nQMvSml08cdRF1kE24vCw0r/l56olP/svQyhcnKOs=
github.com/stackitcloud/stackit-sdk-go/services/ske v1.6.3/go.mod h1:1Jr+ImrmPERxbYnlTy6O2aSZYNnREf2qQyysv6YC1RY=
github.com/stackitcloud/stackit-sdk-go/services/sqlserverflex v1.4.3 h1:AQrcr+qeIuZob+3TT2q1L4WOPtpsu5SEpkTnOUHDqfE=
github.com/stackitcloud/stackit-sdk-go/services/sqlserverflex v1.4.3/go.mod h1:8BBGC69WFXWWmKgzSjgE4HvsI7pEgO0RN2cASwuPJ18=
github.com/stackitcloud/terraform-provider-stackit v0.81.0 h1:cn7kxRh6HaJfftltBpzPvpExCLWv14SAvIjkWCm/vnA=
github.com/stackitcloud/terraform-provider-stackit v0.81.0/go.mod h1:s3bbv1ArMoxMLNESXmAKIilc1dEVagOPLlf7qBKIcUk=
github.com/stretchr/objx v0.1.0/go.mod h1:HFkY916IF+rwdDfMAkV7OtwuqBVzrE8GR6GFx+wExME=
github.com/stretchr/testify v1.7.2/go.mod h1:R6va5+xMeoiuVRoj+gSkQ7d3FALtqAAGI1FQKckRals=
github.com/stretchr/testify v1.11.1 h1:7s2iGBzp5EwR7/aIZr8ao5+dra3wiQyKjjFuvgVKu7U=
github.com/teambition/rrule-go v1.8.2 h1:lIjpjvWTj9fFUZCmuoVDrKVOtdiyzbzc93qTmRVe/J8=
github.com/teambition/rrule-go v1.8.2/go.mod h1:Ieq5AbrKGciP1V//Wq8ktsTXwSwJHDD5mD/wLBGl3p4=
github.com/vmihailenco/msgpack v4.0.4+incompatible h1:dSLoQfGFAo3F6OoNhwUmLwVgaUXK79GlxNBwueZn0xI=
github.com/vmihailenco/msgpack v4.0.4+incompatible/go.mod h1:fy3FlTQTDXWkZ7Bh6AcGMlsjHatGryHQYUTf1ShIgkk=
github.com/vmihailenco/msgpack/v5 v5.4.1 h1:cQriyiUvjTwOHg8QZaPihLWeRAAVoCpE00IUPn0Bjt8=
github.com/vmihailenco/msgpack/v5 v5.4.1/go.mod h1:GaZTsDaehaPpQVyxrf5mtQlH+pc21PIudVV/E3rRQok=
github.com/vmihailenco/tagparser/v2 v2.0.0 h1:y09buUbR+b5aycVFQs/g70pqKVZNBmxwAhO7/IwNM9g=
github.com/vmihailenco/tagparser/v2 v2.0.0/go.mod h1:Wri+At7QHww0WTrCBeu4J6bNtoV6mEfg5OIWRZA9qds=
github.com/zclconf/go-cty v1.17.0 h1:seZvECve6XX4tmnvRzWtJNHdscMtYEx5R7bnnVyd/d0=
github.com/zclconf/go-cty v1.17.0/go.mod h1:wqFzcImaLTI6A5HfsRwB0nj5n0MRZFwmey8YoFPPs3U=
golang.org/x/crypto v0.47.0 h1:V6e3FRj+n4dbpw86FJ8Fv7XVOql7TEwpHapKoMJ/GO8=
golang.org/x/mod v0.32.0 h1:9F4d3PHLljb6x//jOyokMv3eX+YDeepZSEo3mFJy93c=
golang.org/x/mod v0.32.0/go.mod h1:SgipZ/3h2Ci89DlEtEXWUk/HteuRin+HHhN+WbNhguU=
golang.org/x/net v0.49.0 h1:eeHFmOGUTtaaPSGNmjBKpbng9MulQsJURQUAfUwY++o=
golang.org/x/net v0.49.0/go.mod h1:/ysNB2EvaqvesRkuLAyjI1ycPZlQHM3q01F02UY/MV8=
golang.org/x/sync v0.19.0 h1:vV+1eWNmZ5geRlYjzm2adRgW2/mcpevXNg50YZtPCE4=
golang.org/x/sys v0.0.0-20200116001909-b77594299b42/go.mod h1:h1NjWce9XRLGQEsW7wpKNCjG9DtNlClVuFLEZdDNbEs=
golang.org/x/sys v0.0.0-20200223170610-d5e6a3e2c0ae/go.mod h1:h1NjWce9XRLGQEsW7wpKNCjG9DtNlClVuFLEZdDNbEs=
golang.org/x/sys v0.0.0-20210630005230-0f9fa26af87c/go.mod h1:oPkhp1MJrh7nUepCBck5+mAzfO9JrbApNNgaTdGDITg=
golang.org/x/sys v0.0.0-20210927094055-39ccf1dd6fa6/go.mod h1:oPkhp1MJrh7nUepCBck5+mAzfO9JrbApNNgaTdGDITg=
golang.org/x/sys v0.0.0-20220503163025-988cb79eb6c6/go.mod h1:oPkhp1MJrh7nUepCBck5+mAzfO9JrbApNNgaTdGDITg=
golang.org/x/sys v0.6.0/go.mod h1:oPkhp1MJrh7nUepCBck5+mAzfO9JrbApNNgaTdGDITg=
golang.org/x/sys v0.40.0 h1:DBZZqJ2Rkml6QMQsZywtnjnnGvHza6BTfYFWY9kjEWQ=
golang.org/x/sys v0.40.0/go.mod h1:OgkHotnGiDImocRcuBABYBEXf8A9a87e/uXjp9XT3ks=
golang.org/x/text v0.33.0 h1:B3njUFyqtHDUI5jMn1YIr5B0IE2U0qck04r6d4KPAxE=
golang.org/x/text v0.33.0/go.mod h1:LuMebE6+rBincTi9+xWTY8TztLzKHc/9C1uBCG27+q8=
golang.org/x/tools v0.41.0 h1:a9b8iMweWG+S0OBnlU36rzLp20z1Rp10w+IY2czHTQc=
google.golang.org/appengine v1.6.8 h1:IhEN5q69dyKagZPYMSdIjS2HqprW324FRQZJcGqPAsM=
google.golang.org/appengine v1.6.8/go.mod h1:1jJ3jBArFh5pcgW8gCtRJnepW8FzD1V44FJffLiz/Ds=
google.golang.org/genproto/googleapis/rpc v0.0.0-20251202230838-ff82c1b0f217 h1:gRkg/vSppuSQoDjxyiGfN4Upv/h/DQmIR10ZU8dh4Ww=
google.golang.org/grpc v1.77.0 h1:wVVY6/8cGA6vvffn+wWK5ToddbgdU3d8MNENr4evgXM=
google.golang.org/protobuf v1.36.10 h1:AYd7cD/uASjIL6Q9LiTjz8JLcrh/88q5UObnmY3aOOE=
gopkg.in/check.v1 v0.0.0-20161208181325-20d25e280405/go.mod h1:Co6ibVJAznAaIkqp8huTwlJQCZ016jof/cbN4VW5Yz0=
gopkg.in/yaml.v3 v3.0.1 h1:fxVm/GzAzEWqLHuvctI91KS9hhNmmWOoWu0XTYJS7CA=
gopkg.in/yaml.v3 v3.0.1/go.mod h1:K4uyk7z7BCEPqu6E+C64Yfv1cQ7kz7rIZviUmN+EgEM=
