github.com/ProtonMail/go-crypto v1.1.6 h1:ZcV+Ropw6Qn0AX9brlQLAUXfqLBc7Bl+f/DmNxpLfdw=
github.com/agext/levenshtein v1.2.3 h1:YB2fHEn0UJagG8T1rrWknE3ZQzWM06O8AMAatNn7lmo=
github.com/agext/levenshtein v1.2.3/go.mod h1:JEDfjyjHDjOF/1e4FlBE/PkbqA9OfWu2ki2W0IB5558=
github.com/apparentlymart/go-textseg/v15 v15.0.0 h1:uYvfpb3DyLSCGWnctWKGj857c6ew1u1fNQOlOtuGxQY=
github.com/apparentlymart/go-textseg/v15 v15.0.0/go.mod h1:K8XmNZdhEBkdlyDdvbmmsvpAG721bKi0joRfFdHIWJ4=
github.com/cloudflare/circl v1.6.1 h1:zqIqSPIndyBh1bjLVVDHMPpVKqp8Su/V+6MeDzzQBQ0=
github.com/davecgh/go-spew v1.1.0/go.mod h1:J7Y8YcW2NihsgmVo/mv3lAwl/skON4iLHjSsI+c5H38=
github.com/davecgh/go-spew v1.1.1/go.mod h1:J7Y8YcW2NihsgmVo/mv3lAwl/skON4iLHjSsI+c5H38=
github.com/davecgh/go-spew v1.1.2-0.20180830191138-d8f796af33cc h1:U9qPSI2PIWSS1VwoXQT9A3Wy9MM3WgvqSxFWenqJduM=
github.com/fatih/color v1.13.0/go.mod h1:kLAiJbzzSOZDVNGyDpeOxJ47H46qBXwg5ILebYFFOfk=
github.com/fatih/color v1.18.0 h1:S8gINlzdQ840/4pfAwic/ZE0djQEH3wM94VfqLTZcOM=
github.com/fatih/color v1.18.0/go.mod h1:4FelSpRwEGDpQ12mAdzqdOukCy4u8WUtOY6lkT/6HfU=
github.com/golang-jwt/jwt/v5 v5.3.0 h1:pv4AsKCKKZuqlgs5sUmn4x8UlGa0kEVt/puTpKx9vvo=
github.com/golang-jwt/jwt/v5 v5.3.0/go.mod h1:fxCRLWMO43lRc8nhHWY6LGqRcf+1gQWArsqaEUEa5bE=
github.com/golang/protobuf v1.5.4 h1:i7eJL8qZTpSEXOPTxNKhASYpMn+8e5Q6AdndVa1dWek=
github.com/golang/protobuf v1.5.4/go.mod h1:lnTiLA8Wa4RWRcIUkrtSVa5nRhsEGBg48fD6rSs7xps=
github.com/google/go-cmp v0.7.0 h1:wk8382ETsv4JYUZwIsn6YpYiWiBsYLSJiTsyBybVuN8=
github.com/google/go-cmp v0.7.0/go.mod h1:pXiqmnSA92OHEEa9HXL2W4E7lf9JzCmGVUdgjX3N/iU=
github.com/google/uuid v1.6.0 h1:NIvaJDMOsjHA8n1jAhLSgzrAzy1Hgr+hNrb57e+94F0=
github.com/google/uuid v1.6.0/go.mod h1:TIyPZe4MgqvfeYDBFedMoGGpEw/LqOeaOT+nhxU+yHo=
github.com/gorilla/mux v1.8.1 h1:TuBL49tXwgrFYWhqrNgrUNEY92u81SPhu7sTdzQEiWY=
github.com/hashicorp/errwrap v1.1.0 h1:OxrOeh75EUXMY8TBjag2fzXGZ40LB6IKw45YeGUDY2I=
github.com/hashicorp/go-checkpoint v0.5.0 h1:MFYpPZCnQqQTE18jFwSII6eUQrD/oxMFp3mlgcqk5mU=
github.com/hashicorp/go-cleanhttp v0.5.2 h1:035FKYIWjmULyFRBKPs8TBQoi0x6d9G4xc9neXJWAZQ=
github.com/hashicorp/go-cleanhttp v0.5.2/go.mod h1:kO/YDlP8L1346E6Sodw+PrpBSV4/SoxCXGY6BqNFT48=
github.com/hashicorp/go-cty v1.5.0 h1:EkQ/v+dDNUqnuVpmS5fPqyY71NXVgT5gf32+57xY8g0=
github.com/hashicorp/go-cty v1.5.0/go.mod h1:lFUCG5kd8exDobgSfyj4ONE/dc822kiYMguVKdHGMLM=
github.com/hashicorp/go-hclog v1.6.3 h1:Qr2kF+eVWjTiYmU7Y31tYlP1h0q/X3Nl3tPGdaB11/k=
github.com/hashicorp/go-hclog v1.6.3/go.mod h1:W4Qnvbt70Wk/zYJryRzDRU/4r0kIg0PVHBcfoyhpF5M=
github.com/hashicorp/go-multierror v1.1.1 h1:H5DkEtf6CXdFp0N0Em5UCwQpXMWke8IA0+lD48awMYo=
github.com/hashicorp/go-plugin v1.7.0 h1:YghfQH/0QmPNc/AZMTFE3ac8fipZyZECHdDPshfk+mA=
github.com/hashicorp/go-plugin v1.7.0/go.mod h1:BExt6KEaIYx804z8k4gRzRLEvxKVb+kn0NMcihqOqb8=
github.com/hashicorp/go-retryablehttp v0.7.7 h1:C8hUCYzor8PIfXHa4UrZkU4VvK8o9ISHxT2Q8+VepXU=
github.com/hashicorp/go-retryablehttp v0.7.7/go.mod h1:pkQpWZeYWskR+D1tR2O5OcBFOxfA7DoAO6xtkuQnHTk=
github.com/hashicorp/go-uuid v1.0.3 h1:2gKiV6YVmrJ1i2CKKa9obLvRieoRGviZFL26PcT/Co8=
github.com/hashicorp/go-uuid v1.0.3/go.mod h1:6SBZvOh/SIDV7/2o3Jml5SYk/TvGqwFJ/bN7x4byOro=
github.com/hashicorp/go-version v1.7.0 h1:5tqGy27NaOTB8yJKUZELlFAS/LTKJkrmONwQKeRZfjY=
github.com/hashicorp/go-version v1.7.0/go.mod h1:fltr4n8CU8Ke44wwGCBoEymUuxUHl09ZGVZPK5anwXA=
github.com/hashicorp/hc-install v0.9.2 h1:v80EtNX4fCVHqzL9Lg/2xkp62bbvQMnvPQ0G+OmtO24=
github.com/hashicorp/hcl/v2 v2.24.0 h1:2QJdZ454DSsYGoaE6QheQZjtKZSUs9Nh2izTWiwQxvE=
github.com/hashicorp/hcl/v2 v2.24.0/go.mod h1:oGoO1FIQYfn/AgyOhlg9qLC6/nOJPX3qGbkZpYAcqfM=
github.com/hashicorp/logutils v1.0.0 h1:dLEQVugN8vlakKOUE3ihGLTZJRB4j+M2cdTm/ORI65Y=
github.com/hashicorp/logutils v1.0.0/go.mod h1:QIAnNjmIWmVIIkWDTG1z5v++HQmx9WQRO+LraFDTW64=
github.com/hashicorp/terraform-exec v0.24.0 h1:mL0xlk9H5g2bn0pPF6JQZk5YlByqSqrO5VoaNtAf8OE=
github.com/hashicorp/terraform-json v0.27.2 h1:BwGuzM6iUPqf9JYM/Z4AF1OJ5VVJEEzoKST/tRDBJKU=
github.com/hashicorp/terraform-plugin-framework v1.17.0 h1:JdX50CFrYcYFY31gkmitAEAzLKoBgsK+iaJjDC8OexY=
github.com/hashicorp/terraform-plugin-framework v1.17.0/go.mod h1:4OUXKdHNosX+ys6rLgVlgklfxN3WHR5VHSOABeS/BM0=
github.com/hashicorp/terraform-plugin-framework-validators v0.19.0 h1:Zz3iGgzxe/1XBkooZCewS0nJAaCFPFPHdNJd8FgE4Ow=
github.com/hashicorp/terraform-plugin-framework-validators v0.19.0/go.mod h1:GBKTNGbGVJohU03dZ7U8wHqc2zYnMUawgCN+gC0itLc=
github.com/hashicorp/terraform-plugin-go v0.29.0 h1:1nXKl/nSpaYIUBU1IG/EsDOX0vv+9JxAltQyDMpq5mU=
github.com/hashicorp/terraform-plugin-go v0.29.0/go.mod h1:vYZbIyvxyy0FWSmDHChCqKvI40cFTDGSb3D8D70i9GM=
github.com/hashicorp/terraform-plugin-log v0.10.0 h1:eu2kW6/QBVdN4P3Ju2WiB2W3ObjkAsyfBsL3Wh1fj3g=
github.com/hashicorp/terraform-plugin-log v0.10.0/go.mod h1:/9RR5Cv2aAbrqcTSdNmY1NRHP4E3ekrXRGjqORpXyB0=
github.com/hashicorp/terraform-plugin-sdk/v2 v2.38.1 h1:mlAq/OrMlg04IuJT7NpefI1wwtdpWudnEmjuQs04t/4=
github.com/hashicorp/terraform-plugin-sdk/v2 v2.38.1/go.mod h1:GQhpKVvvuwzD79e8/NZ+xzj+ZpWovdPAe8nfV/skwNU=
github.com/hashicorp/terraform-plugin-testing v1.14.0 h1:5t4VKrjOJ0rg0sVuSJ86dz5K7PHsMO6OKrHFzDBerWA=
github.com/hashicorp/terraform-registry-address v0.4.0 h1:S1yCGomj30Sao4l5BMPjTGZmCNzuv7/GDTDX99E9gTk=
github.com/hashicorp/terraform-registry-address v0.4.0/go.mod h1:LRS1Ay0+mAiRkUyltGT+UHWkIqTFvigGn/LbMshfflE=
github.com/hashicorp/terraform-svchost v0.1.1 h1:EZZimZ1GxdqFRinZ1tpJwVxxt49xc/S52uzrw4x0jKQ=
github.com/hashicorp/terraform-svchost v0.1.1/go.mod h1:mNsjQfZyf/Jhz35v6/0LWcv26+X7JPS+buii2c9/ctc=
github.com/hashicorp/yamux v0.1.2 h1:XtB8kyFOyHXYVFnwT5C3+Bdo8gArse7j2AQ0DA0Uey8=
github.com/hashicorp/yamux v0.1.2/go.mod h1:C+zze2n6e/7wshOZep2A70/aQU6QBRWJO/G6FT1wIns=
github.com/mattn/go-colorable v0.1.9/go.mod h1:u6P/XSegPjTcexA+o6vUJrdnUu04hMope9wVRipJSqc=
github.com/mattn/go-colorable v0.1.12/go.mod h1:u5H1YNBxpqRaxsYJYSkiCWKzEfiAb1Gb520KVy5xxl4=
github.com/mattn/go-colorable v0.1.14 h1:9A9LHSqF/7dyVVX6g0U9cwm9pG3kP9gSzcuIPHPsaIE=
github.com/mattn/go-colorable v0.1.14/go.mod h1:6LmQG8QLFO4G5z1gPvYEzlUgJ2wF+stgPZH1UqBm1s8=
github.com/mattn/go-isatty v0.0.12/go.mod h1:cbi8OIDigv2wuxKPP5vlRcQ1OAZbq2CE4Kysco4FUpU=
github.com/mattn/go-isatty v0.0.14/go.mod h1:7GGIvUiUoEMVVmxf/4nioHXj79iQHKdU27kJ6hsGG94=
github.com/mattn/go-isatty v0.0.20 h1:xfD0iDuEKnDkl03q4limB+vH+GxLEtL/jb4xVJSWWEY=
github.com/mattn/go-isatty v0.0.20/go.mod h1:W+V8PltTTMOvKvAeJH7IuucS94S2C6jfK/D7dTCTo3Y=
github.com/mitchellh/copystructure v1.2.0 h1:vpKXTN4ewci03Vljg/q9QvCGUDttBOGBIa15WveJJGw=
github.com/mitchellh/copystructure v1.2.0/go.mod h1:qLl+cE2AmVv+CoeAwDPye/v+N2HKCj9FbZEVFJRxO9s=
github.com/mitchellh/go-testing-interface v1.14.1 h1:jrgshOhYAUVNMAJiKbEu7EqAwgJJ2JqpQmpLJOu07cU=
github.com/mitchellh/go-testing-interface v1.14.1/go.mod h1:gfgS7OtZj6MA4U1UrDRp04twqAjfvlZyCfX3sDjEym8=
github.com/mitchellh/go-wordwrap v1.0.1 h1:TLuKupo69TCn6TQSyGxwI1EblZZEsQ0vMlAFQflz0v0=
github.com/mitchellh/go-wordwrap v1.0.1/go.mod h1:R62XHJLzvMFRBbcrT7m7WgmE1eOyTSsCt+hzestvNj0=
github.com/mitchellh/mapstructure v1.5.0 h1:jeMsZIYE/09sWLaz43PL7Gy6RuMjD2eJVyuac5Z2hdY=
github.com/mitchellh/mapstructure v1.5.0/go.mod h1:bFUtVrKA4DC2yAKiSyO/QUcy7e+RRV2QTWOzhPopBRo=
github.com/mitchellh/reflectwalk v1.0.2 h1:G2LzWKi524PWgd3mLHV8Y5k7s6XUvT0Gef6zxSIeXaQ=
github.com/mitchellh/reflectwalk v1.0.2/go.mod h1:mSTlrgnPZtwu0c4WaC2kGObEpuNDbx0jmZXqmk4esnw=
github.com/oklog/run v1.2.0 h1:O8x3yXwah4A73hJdlrwo/2X6J62gE5qTMusH0dvz60E=
github.com/oklog/run v1.2.0/go.mod h1:mgDbKRSwPhJfesJ4PntqFUbKQRZ50NgmZTSPlFA0YFk=
github.com/pmezard/go-difflib v1.0.0/go.mod h1:iKH77koFhYxTK1pcRnkKkqfTogsbg7gZNVY4sRDYZ/4=
github.com/pmezard/go-difflib v1.0.1-0.20181226105442-5d4384ee4fb2 h1:Jamvg5psRIccs7FGNTlIRMkT8wgtp5eCXdBlqhYGL6U=
github.com/stackitcloud/stackit-sdk-go/core v0.21.0 h1:QXZqiaO7U/4IpTkJfzt4dt6QxJzG2uUS12mBnHpYNik=
github.com/stackitcloud/stackit-sdk-go/core v0.21.0/go.mod h1:fqto7M82ynGhEnpZU6VkQKYWYoFG5goC076JWXTUPRQ=
github.com/stackitcloud/stackit-sdk-go/services/authorization v0.11.1 h1:gMAZURshmPGIIkLbZQYq+wvr+tAGa5Jdd2xyTpFtGUo=
github.com/stackitcloud/stackit-sdk-go/services/authorization v0.11.1/go.mod h1:/gj9PeF6294awSPeYokbHfZbcWK+6Dr4DQO2Z37eYQU=
github.com/stackitcloud/stackit-sdk-go/services/cdn v1.9.1 h1:PiNC8VmLqi1WUnBSPefjDXThD43Fvb87p+Y6H8onGA0=
github.com/stackitcloud/stackit-sdk-go/services/cdn v1.9.1/go.mod h1:Nnfe/Zv4Z8F56Ljw/MfXjL0/2Ajia4bGuL/CZuvIXk8=
github.com/stackitcloud/stackit-sdk-go/services/dns v0.17.3 h1:KD/FxU/cJIzfyMvwiOvTlSWq87ISENpHNmw/quznGnw=
github.com/stackitcloud/stackit-sdk-go/services/dns v0.17.3/go.mod h1:BNiIZkDqwSV1LkWDjMKxVb9pxQ/HMIsXJ0AQ8pFoAo4=
github.com/stackitcloud/stackit-sdk-go/services/edge v0.4.0 h1:+96JOe4oS9BhdH4kHfc5jcl9DVIZiHrMN0/PXn8uWoI=
github.com/stackitcloud/stackit-sdk-go/services/edge v0.4.0/go.mod h1:tFDkVkK+ESBTiH2XIcMPPR/pJJmeqT1VNDghg+ZxfMI=
github.com/stackitcloud/stackit-sdk-go/services/git v0.10.1 h1:3JKXfI5hdcXcRVBjUZg5qprXG5rDmPnM6dsvplMk/vg=
github.com/stackitcloud/stackit-sdk-go/services/git v0.10.1/go.mod h1:3nTaj8IGjNNGYUD2CpuXkXwc5c4giTUmoPggFhjVFxo=
github.com/stackitcloud/stackit-sdk-go/services/iaas v1.3.0 h1:U/x0tc487X9msMS5yZYjrBAAKrCx87Trmt0kh8JiARA=
github.com/stackitcloud/stackit-sdk-go/services/iaas v1.3.0/go.mod h1:6+5+RCDfU7eQN3+/SGdOtx7Bq9dEa2FrHz/jflgY1M4=
github.com/stackitcloud/stackit-sdk-go/services/kms v1.2.0 h1:Ar2n9GKmrTN80G/Ta1R+fL5aX5nEoxL6ODVJl3emzho=
github.com/stackitcloud/stackit-sdk-go/services/kms v1.2.0/go.mod h1:sHMFoYvVrkRZcH13DkLvp48nW+ssRVVVuwqJHDGpa5M=
github.com/stackitcloud/stackit-sdk-go/services/loadbalancer v1.7.1 h1:2UKKtBg+E5IFUcZAkRyKz1Km+tsA//zGjFQjVWwaXss=
github.com/stackitcloud/stackit-sdk-go/services/loadbalancer v1.7.1/go.mod h1:3/7s4cDhMBY7u84XjD9aUm649aoPhsBsjfPG/WDUujY=
github.com/stackitcloud/stackit-sdk-go/services/logme v0.25.3 h1:fUQLWs2WsXFh+FtFDYOm1kv/gJrGBZLjhVOXJOuYfFY=
github.com/stackitcloud/stackit-sdk-go/services/logme v0.25.3/go.mod h1:305j9bvzJ+3c4csOw4SUfLSSxRbkpL0osbvqMI89FeM=
github.com/stackitcloud/stackit-sdk-go/services/logs v0.4.0 h1:EOUVSKvu/m5N+psxeB69IIpANev/jw6HIw2yfh/HO7w=
github.com/stackitcloud/stackit-sdk-go/services/logs v0.4.0/go.mod h1:m4IjH1/RtJOF072kjAB0E/ejoIc++myrKmIahphfO6Q=
github.com/stackitcloud/stackit-sdk-go/services/mariadb v0.25.3 h1:Y5Ct3Zi5UcIOwjKMWpKl0nrqiq7psTf4NJv0IKgwTkc=
github.com/stackitcloud/stackit-sdk-go/services/mariadb v0.25.3/go.mod h1:TMl5WcpjzUiAlLWaxMKbu9ysDzFziSPgg4xLxj9jjfY=
github.com/stackitcloud/stackit-sdk-go/services/modelserving v0.6.2 h1:RKRKwSpU8spBERYNlUn9BcTL3dbTLeJM1xL2H7NexnI=
github.com/stackitcloud/stackit-sdk-go/services/modelserving v0.6.2/go.mod h1:/9CRoChrQMU+mpu0BlQ7ldT7ml/ztqtoprhoEyQxJLw=
github.com/stackitcloud/stackit-sdk-go/services/mongodbflex v1.5.5 h1:tPISli81nuvLc5DPqgpvYPSjTySV0wXtMtkfdNXG4CU=
github.com/stackitcloud/stackit-sdk-go/services/mongodbflex v1.5.5/go.mod h1:G/UD3tzPzzu79MiFWUYqogxdLMB+YArNHR6Yqz7Cqr0=
github.com/stackitcloud/stackit-sdk-go/services/objectstorage v1.4.2 h1:nsC6oA1whA4ibxEuD+0Osngmnpz8dLdV6bv+9jYP4Eo=
github.com/stackitcloud/stackit-sdk-go/services/objectstorage v1.4.2/go.mod h1:WA6QlAAQ8aaw81W0VSVoDrxOfchGkdtmn2jQL/ub/50=
github.com/stackitcloud/stackit-sdk-go/services/observability v0.15.1 h1:zk+47GhutK2ajO4Yiek0laGm2PdXvY8BvFZc8yHFnSE=
github.com/stackitcloud/stackit-sdk-go/services/observability v0.15.1/go.mod h1:vapb/sJqbHlf+c7pZWdE9GqrbyI8wesGvUc9o7oJ1Xk=
github.com/stackitcloud/stackit-sdk-go/services/opensearch v0.24.3 h1:CAgu3Wsmo8pA1/VWqnqLftMn7X26uDs5zctTci4WG7A=
github.com/stackitcloud/stackit-sdk-go/services/opensearch v0.24.3/go.mod h1:VC3vqIQIDN+8SAzhlMdrK4eXeiSaNE1JtjIGFzpgiRI=
github.com/stackitcloud/stackit-sdk-go/services/postgresflex v1.3.2 h1:uQIpj0phDRGrV78/vhtULwxaO2cBdHwqZcFKYUrH1Hs=
github.com/stackitcloud/stackit-sdk-go/services/postgresflex v1.3.2/go.mod h1:rPwdDiCx0eZ+yKiy6Wo6uv76LuCgFlQxkomvun1c740=
github.com/stackitcloud/stackit-sdk-go/services/rabbitmq v0.25.3 h1:a9XjDC01il+3IDQIDgg5qcJBYcsu5rrTJyMfJZPyvCg=
github.com/stackitcloud/stackit-sdk-go/services/rabbitmq v0.25.3/go.mod h1:tjbSLF5+5JFx+qNazqhakqfPlCZPzque9R4XqRZzTRc=
github.com/stackitcloud/stackit-sdk-go/services/redis v0.25.3 h1:AcJSIEu1QCzRughJLzVjRP5ICop0DkvV2TgFb9LS7/c=
github.com/stackitcloud/stackit-sdk-go/services/redis v0.25.3/go.mod h1:DLXqpz1WhmOergfOLMJ4pybozz33ysOZNIO7fv9Wtfc=
github.com/stackitcloud/stackit-sdk-go/services/resourcemanager v0.18.2 h1:VDIXOvRNmSYMeF0qQ2+w4/ez04YutVDz73hSMuuOJ54=
github.com/stackitcloud/stackit-sdk-go/services/resourcemanager v0.18.2/go.mod h1:9zyEzPL4DnmU/SHq+SuMWTSO5BPxM1Z4g8Fp28n00ds=
github.com/stackitcloud/stackit-sdk-go/services/scf v0.4.0 h1:yw6UnfDlUq6//jdOW8peoCz9tyrG0xXL4rwizcjXmi8=
github.com/stackitcloud/stackit-sdk-go/services/scf v0.4.0/go.mod h1:eVylZQs1NCNgfQl4Cb+pJoN6bGUg/tOpC5UZiAN36pU=
github.com/stackitcloud/stackit-sdk-go/services/secretsmanager v0.14.0 h1:8cFo0UG2r9kWwUAHRBTAG5wEt4G80+wkWdjQW6DhU6Y=
github.com/stackitcloud/stackit-sdk-go/services/secretsmanager v0.14.0/go.mod h1:dMBt/b/LXfXTDLQTCW6PRhBlbl41q7XS+5mAyBezSJk=
github.com/stackitcloud/stackit-sdk-go/services/serverbackup v1.3.6 h1:9idmXyZVnshvF03lpftpvRhzfiaIS4gQMLIFqU5kRr0=
github.com/stackitcloud/stackit-sdk-go/services/serverbackup v1.3.6/go.mod h1:I4j+7qq2zJjN1yoPTJCNmfK1JJJnB+uOTwvHUX7+Xp0=
github.com/stackitcloud/stackit-sdk-go/services/serverupdate v1.2.3 h1:1gLKXD91qOYUpackMuu0PdRwrm2Z8vFK+k8H7SF0xbg=
github.com/stackitcloud/stackit-sdk-go/services/serverupdate v1.2.3/go.mod h1:V34YusCRsq/3bJ/HxUk0wslLjVWWE/QVe70AZ+XrDPE=
github.com/stackitcloud/stackit-sdk-go/services/serviceaccount v0.11.3 h1:XV3pPXpdvQjR5Z90FFutU4iqCHfejDYQAL840Y4ztLM=
github.com/stackitcloud/stackit-sdk-go/services/serviceaccount v0.11.3/go.mod h1:YNJJ1jwBWjEdLH6vECuzoslJY9jQThIvDvTa30J3D0U=
github.com/stackitcloud/stackit-sdk-go/services/serviceenablement v1.2.4 h1:h4aSfJPMBBcXrG/BZiLLZRvvGJesRdll4bLP7jetuKA=
github.com/stackitcloud/stackit-sdk-go/services/serviceenablement v1.2.4/go.mod h1:Iv+svIxk5baXnvrEdvVl5JZri6a3H/2OrQDlRWmUFMI=
github.com/stackitcloud/stackit-sdk-go/services/sfs v0.2.0 h1:DRp1p0Gb1YZSnFXgkiKTHQD9bFfqn6OC3PcsDjqGJiw=
github.com/stackitcloud/stackit-sdk-go/services/sfs v0.2.0/go.mod h1:XHOtGgBwwCqPSoQt2ojIRb/BeOd4kICwb9RuMXXFGt8=
github.com/stackitcloud/stackit-sdk-go/services/ske v1.6.0 h1:Dab1jzN0u9c67lvELoWf1RuagjO3eUBRytoX8SYL8Zs=
github.com/stackitcloud/stackit-sdk-go/services/ske v1.6.0/go.mod h1:NzcTU5GGlUF6Lys3Ra7ylRj4ZKxJr3f/29/yoE5tjPI=
github.com/stackitcloud/stackit-sdk-go/services/sqlserverflex v1.4.1 h1:6MJdy1xmdE+uOo/F8mR5HSldjPSHpdhwuqS3u9m2EWQ=
github.com/stackitcloud/stackit-sdk-go/services/sqlserverflex v1.4.1/go.mod h1:XLr3ZfrT1g8ZZMm7A6RXOPBuhBkikdUN2o/+/Y+Hu+g=
github.com/stackitcloud/terraform-provider-stackit v0.79.1 h1:xAzqWIyqNYMJo/ilL6wUTLnyLqfRF3nqN5lxVWGAPnE=
github.com/stackitcloud/terraform-provider-stackit v0.79.1/go.mod h1:38qCrxpvHerojyzdZ0PndETEr8VwgXiZXqPsk6VphQk=
github.com/stretchr/objx v0.1.0/go.mod h1:HFkY916IF+rwdDfMAkV7OtwuqBVzrE8GR6GFx+wExME=
github.com/stretchr/testify v1.7.2/go.mod h1:R6va5+xMeoiuVRoj+gSkQ7d3FALtqAAGI1FQKckRals=
github.com/stretchr/testify v1.10.0 h1:Xv5erBjTwe/5IxqUQTdXv5kgmIvbHo3QQyRwhJsOfJA=
github.com/teambition/rrule-go v1.8.2 h1:lIjpjvWTj9fFUZCmuoVDrKVOtdiyzbzc93qTmRVe/J8=
github.com/teambition/rrule-go v1.8.2/go.mod h1:Ieq5AbrKGciP1V//Wq8ktsTXwSwJHDD5mD/wLBGl3p4=
github.com/vmihailenco/msgpack v4.0.4+incompatible h1:dSLoQfGFAo3F6OoNhwUmLwVgaUXK79GlxNBwueZn0xI=
github.com/vmihailenco/msgpack v4.0.4+incompatible/go.mod h1:fy3FlTQTDXWkZ7Bh6AcGMlsjHatGryHQYUTf1ShIgkk=
github.com/vmihailenco/msgpack/v5 v5.4.1 h1:cQriyiUvjTwOHg8QZaPihLWeRAAVoCpE00IUPn0Bjt8=
github.com/vmihailenco/msgpack/v5 v5.4.1/go.mod h1:GaZTsDaehaPpQVyxrf5mtQlH+pc21PIudVV/E3rRQok=
github.com/vmihailenco/tagparser/v2 v2.0.0 h1:y09buUbR+b5aycVFQs/g70pqKVZNBmxwAhO7/IwNM9g=
github.com/vmihailenco/tagparser/v2 v2.0.0/go.mod h1:Wri+At7QHww0WTrCBeu4J6bNtoV6mEfg5OIWRZA9qds=
github.com/zclconf/go-cty v1.17.0 h1:seZvECve6XX4tmnvRzWtJNHdscMtYEx5R7bnnVyd/d0=
github.com/zclconf/go-cty v1.17.0/go.mod h1:wqFzcImaLTI6A5HfsRwB0nj5n0MRZFwmey8YoFPPs3U=
golang.org/x/crypto v0.47.0 h1:V6e3FRj+n4dbpw86FJ8Fv7XVOql7TEwpHapKoMJ/GO8=
golang.org/x/mod v0.32.0 h1:9F4d3PHLljb6x//jOyokMv3eX+YDeepZSEo3mFJy93c=
golang.org/x/mod v0.32.0/go.mod h1:SgipZ/3h2Ci89DlEtEXWUk/HteuRin+HHhN+WbNhguU=
golang.org/x/net v0.49.0 h1:eeHFmOGUTtaaPSGNmjBKpbng9MulQsJURQUAfUwY++o=
golang.org/x/net v0.49.0/go.mod h1:/ysNB2EvaqvesRkuLAyjI1ycPZlQHM3q01F02UY/MV8=
golang.org/x/sync v0.19.0 h1:vV+1eWNmZ5geRlYjzm2adRgW2/mcpevXNg50YZtPCE4=
golang.org/x/sys v0.0.0-20200116001909-b77594299b42/go.mod h1:h1NjWce9XRLGQEsW7wpKNCjG9DtNlClVuFLEZdDNbEs=
golang.org/x/sys v0.0.0-20200223170610-d5e6a3e2c0ae/go.mod h1:h1NjWce9XRLGQEsW7wpKNCjG9DtNlClVuFLEZdDNbEs=
golang.org/x/sys v0.0.0-20210630005230-0f9fa26af87c/go.mod h1:oPkhp1MJrh7nUepCBck5+mAzfO9JrbApNNgaTdGDITg=
golang.org/x/sys v0.0.0-20210927094055-39ccf1dd6fa6/go.mod h1:oPkhp1MJrh7nUepCBck5+mAzfO9JrbApNNgaTdGDITg=
golang.org/x/sys v0.0.0-20220503163025-988cb79eb6c6/go.mod h1:oPkhp1MJrh7nUepCBck5+mAzfO9JrbApNNgaTdGDITg=
golang.org/x/sys v0.6.0/go.mod h1:oPkhp1MJrh7nUepCBck5+mAzfO9JrbApNNgaTdGDITg=
golang.org/x/sys v0.40.0 h1:DBZZqJ2Rkml6QMQsZywtnjnnGvHza6BTfYFWY9kjEWQ=
golang.org/x/sys v0.40.0/go.mod h1:OgkHotnGiDImocRcuBABYBEXf8A9a87e/uXjp9XT3ks=
golang.org/x/text v0.33.0 h1:B3njUFyqtHDUI5jMn1YIr5B0IE2U0qck04r6d4KPAxE=
golang.org/x/text v0.33.0/go.mod h1:LuMebE6+rBincTi9+xWTY8TztLzKHc/9C1uBCG27+q8=
golang.org/x/tools v0.41.0 h1:a9b8iMweWG+S0OBnlU36rzLp20z1Rp10w+IY2czHTQc=
google.golang.org/appengine v1.6.8 h1:IhEN5q69dyKagZPYMSdIjS2HqprW324FRQZJcGqPAsM=
google.golang.org/appengine v1.6.8/go.mod h1:1jJ3jBArFh5pcgW8gCtRJnepW8FzD1V44FJffLiz/Ds=
google.golang.org/genproto/googleapis/rpc v0.0.0-20250707201910-8d1bb00bc6a7 h1:pFyd6EwwL2TqFf8emdthzeX+gZE1ElRq3iM8pui4KBY=
google.golang.org/genproto/googleapis/rpc v0.0.0-20250707201910-8d1bb00bc6a7/go.mod h1:qQ0YXyHHx3XkvlzUtpXDkS29lDSafHMZBAZDc03LQ3A=
google.golang.org/grpc v1.75.1 h1:/ODCNEuf9VghjgO3rqLcfg8fiOP0nSluljWFlDxELLI=
google.golang.org/grpc v1.75.1/go.mod h1:JtPAzKiq4v1xcAB2hydNlWI2RnF85XXcV0mhKXr2ecQ=
google.golang.org/protobuf v1.36.9 h1:w2gp2mA27hUeUzj9Ex9FBjsBm40zfaDtEWow293U7Iw=
google.golang.org/protobuf v1.36.9/go.mod h1:fuxRtAxBytpl4zzqUh6/eyUujkJdNiuEkXntxiD/uRU=
gopkg.in/check.v1 v0.0.0-20161208181325-20d25e280405/go.mod h1:Co6ibVJAznAaIkqp8huTwlJQCZ016jof/cbN4VW5Yz0=
gopkg.in/yaml.v3 v3.0.1 h1:fxVm/GzAzEWqLHuvctI91KS9hhNmmWOoWu0XTYJS7CA=
gopkg.in/yaml.v3 v3.0.1/go.mod h1:K4uyk7z7BCEPqu6E+C64Yfv1cQ7kz7rIZviUmN+EgEM=
