github.com/ProtonMail/go-crypto v1.3.0 h1:ILq8+Sf5If5DCpHQp4PbZdS1J7HDFRXz/+xKBiRGFrw=
github.com/agext/levenshtein v1.2.3 h1:YB2fHEn0UJagG8T1rrWknE3ZQzWM06O8AMAatNn7lmo=
github.com/agext/levenshtein v1.2.3/go.mod h1:JEDfjyjHDjOF/1e4FlBE/PkbqA9OfWu2ki2W0IB5558=
github.com/apparentlymart/go-textseg/v15 v15.0.0 h1:uYvfpb3DyLSCGWnctWKGj857c6ew1u1fNQOlOtuGxQY=
github.com/apparentlymart/go-textseg/v15 v15.0.0/go.mod h1:K8XmNZdhEBkdlyDdvbmmsvpAG721bKi0joRfFdHIWJ4=
github.com/cloudflare/circl v1.6.3 h1:9GPOhQGF9MCYUeXyMYlqTR6a5gTrgR/fBLXvUgtVcg8=
github.com/davecgh/go-spew v1.1.0/go.mod h1:J7Y8YcW2NihsgmVo/mv3lAwl/skON4iLHjSsI+c5H38=
github.com/davecgh/go-spew v1.1.1/go.mod h1:J7Y8YcW2NihsgmVo/mv3lAwl/skON4iLHjSsI+c5H38=
github.com/davecgh/go-spew v1.1.2-0.20180830191138-d8f796af33cc h1:U9qPSI2PIWSS1VwoXQT9A3Wy9MM3WgvqSxFWenqJduM=
github.com/fatih/color v1.13.0/go.mod h1:kLAiJbzzSOZDVNGyDpeOxJ47H46qBXwg5ILebYFFOfk=
github.com/fatih/color v1.19.0 h1:Zp3PiM21/9Ld6FzSKyL5c/BULoe/ONr9KlbYVOfG8+w=
github.com/fatih/color v1.19.0/go.mod h1:zNk67I0ZUT1bEGsSGyCZYZNrHuTkJJB+r6Q9VuMi0LE=
github.com/golang-jwt/jwt/v5 v5.3.1 h1:kYf81DTWFe7t+1VvL7eS+jKFVWaUnK9cB1qbwn63YCY=
github.com/golang-jwt/jwt/v5 v5.3.1/go.mod h1:fxCRLWMO43lRc8nhHWY6LGqRcf+1gQWArsqaEUEa5bE=
github.com/golang/protobuf v1.5.4 h1:i7eJL8qZTpSEXOPTxNKhASYpMn+8e5Q6AdndVa1dWek=
github.com/golang/protobuf v1.5.4/go.mod h1:lnTiLA8Wa4RWRcIUkrtSVa5nRhsEGBg48fD6rSs7xps=
github.com/google/go-cmp v0.7.0 h1:wk8382ETsv4JYUZwIsn6YpYiWiBsYLSJiTsyBybVuN8=
github.com/google/go-cmp v0.7.0/go.mod h1:pXiqmnSA92OHEEa9HXL2W4E7lf9JzCmGVUdgjX3N/iU=
github.com/google/uuid v1.6.0 h1:NIvaJDMOsjHA8n1jAhLSgzrAzy1Hgr+hNrb57e+94F0=
github.com/google/uuid v1.6.0/go.mod h1:TIyPZe4MgqvfeYDBFedMoGGpEw/LqOeaOT+nhxU+yHo=
github.com/gorilla/mux v1.8.1 h1:TuBL49tXwgrFYWhqrNgrUNEY92u81SPhu7sTdzQEiWY=
github.com/hashicorp/errwrap v1.1.0 h1:OxrOeh75EUXMY8TBjag2fzXGZ40LB6IKw45YeGUDY2I=
github.com/hashicorp/go-checkpoint v0.5.0 h1:MFYpPZCnQqQTE18jFwSII6eUQrD/oxMFp3mlgcqk5mU=
github.com/hashicorp/go-cleanhttp v0.5.2 h1:035FKYIWjmULyFRBKPs8TBQoi0x6d9G4xc9neXJWAZQ=
github.com/hashicorp/go-cleanhttp v0.5.2/go.mod h1:kO/YDlP8L1346E6Sodw+PrpBSV4/SoxCXGY6BqNFT48=
github.com/hashicorp/go-cty v1.5.0 h1:EkQ/v+dDNUqnuVpmS5fPqyY71NXVgT5gf32+57xY8g0=
github.com/hashicorp/go-cty v1.5.0/go.mod h1:lFUCG5kd8exDobgSfyj4ONE/dc822kiYMguVKdHGMLM=
github.com/hashicorp/go-hclog v1.6.3 h1:Qr2kF+eVWjTiYmU7Y31tYlP1h0q/X3Nl3tPGdaB11/k=
github.com/hashicorp/go-hclog v1.6.3/go.mod h1:W4Qnvbt70Wk/zYJryRzDRU/4r0kIg0PVHBcfoyhpF5M=
github.com/hashicorp/go-multierror v1.1.1 h1:H5DkEtf6CXdFp0N0Em5UCwQpXMWke8IA0+lD48awMYo=
github.com/hashicorp/go-plugin v1.7.0 h1:YghfQH/0QmPNc/AZMTFE3ac8fipZyZECHdDPshfk+mA=
github.com/hashicorp/go-plugin v1.7.0/go.mod h1:BExt6KEaIYx804z8k4gRzRLEvxKVb+kn0NMcihqOqb8=
github.com/hashicorp/go-retryablehttp v0.7.8 h1:ylXZWnqa7Lhqpk0L1P1LzDtGcCR0rPVUrx/c8Unxc48=
github.com/hashicorp/go-uuid v1.0.3 h1:2gKiV6YVmrJ1i2CKKa9obLvRieoRGviZFL26PcT/Co8=
github.com/hashicorp/go-uuid v1.0.3/go.mod h1:6SBZvOh/SIDV7/2o3Jml5SYk/TvGqwFJ/bN7x4byOro=
github.com/hashicorp/go-version v1.8.0 h1:KAkNb1HAiZd1ukkxDFGmokVZe1Xy9HG6NUp+bPle2i4=
github.com/hashicorp/go-version v1.8.0/go.mod h1:fltr4n8CU8Ke44wwGCBoEymUuxUHl09ZGVZPK5anwXA=
github.com/hashicorp/hc-install v0.9.3 h1:1H4dgmgzxEVwT6E/d/vIL5ORGVKz9twRwDw+qA5Hyho=
github.com/hashicorp/hcl v1.0.0 h1:0Anlzjpi4vEasTeNFn2mLJgTSwt0+6sfsiTG8qcWGx4=
github.com/hashicorp/hcl/v2 v2.24.0 h1:2QJdZ454DSsYGoaE6QheQZjtKZSUs9Nh2izTWiwQxvE=
github.com/hashicorp/hcl/v2 v2.24.0/go.mod h1:oGoO1FIQYfn/AgyOhlg9qLC6/nOJPX3qGbkZpYAcqfM=
github.com/hashicorp/logutils v1.0.0 h1:dLEQVugN8vlakKOUE3ihGLTZJRB4j+M2cdTm/ORI65Y=
github.com/hashicorp/logutils v1.0.0/go.mod h1:QIAnNjmIWmVIIkWDTG1z5v++HQmx9WQRO+LraFDTW64=
github.com/hashicorp/terraform-exec v0.25.0 h1:Bkt6m3VkJqYh+laFMrWIpy9KHYFITpOyzRMNI35rNaY=
github.com/hashicorp/terraform-json v0.27.2 h1:BwGuzM6iUPqf9JYM/Z4AF1OJ5VVJEEzoKST/tRDBJKU=
github.com/hashicorp/terraform-plugin-framework v1.19.0 h1:q0bwyhxAOR3vfdgbk9iplv3MlTv/dhBHTXjQOtQDoBA=
github.com/hashicorp/terraform-plugin-framework-timeouts v0.7.0 h1:jblRy1PkLfPm5hb5XeMa3tezusnMRziUGqtT5epSYoI=
github.com/hashicorp/terraform-plugin-framework-timeouts v0.7.0/go.mod h1:5jm2XK8uqrdiSRfD5O47OoxyGMCnwTcl8eoiDgSa+tc=
github.com/hashicorp/terraform-plugin-framework-validators v0.19.0 h1:Zz3iGgzxe/1XBkooZCewS0nJAaCFPFPHdNJd8FgE4Ow=
github.com/hashicorp/terraform-plugin-framework-validators v0.19.0/go.mod h1:GBKTNGbGVJohU03dZ7U8wHqc2zYnMUawgCN+gC0itLc=
github.com/hashicorp/terraform-plugin-go v0.31.0 h1:0Fz2r9DQ+kNNl6bx8HRxFd1TfMKUvnrOtvJPmp3Z0q8=
github.com/hashicorp/terraform-plugin-log v0.10.0 h1:eu2kW6/QBVdN4P3Ju2WiB2W3ObjkAsyfBsL3Wh1fj3g=
github.com/hashicorp/terraform-plugin-log v0.10.0/go.mod h1:/9RR5Cv2aAbrqcTSdNmY1NRHP4E3ekrXRGjqORpXyB0=
github.com/hashicorp/terraform-plugin-sdk/v2 v2.38.1 h1:mlAq/OrMlg04IuJT7NpefI1wwtdpWudnEmjuQs04t/4=
github.com/hashicorp/terraform-plugin-sdk/v2 v2.38.1/go.mod h1:GQhpKVvvuwzD79e8/NZ+xzj+ZpWovdPAe8nfV/skwNU=
github.com/hashicorp/terraform-plugin-testing v1.14.0 h1:5t4VKrjOJ0rg0sVuSJ86dz5K7PHsMO6OKrHFzDBerWA=
github.com/hashicorp/terraform-registry-address v0.4.0 h1:S1yCGomj30Sao4l5BMPjTGZmCNzuv7/GDTDX99E9gTk=
github.com/hashicorp/terraform-registry-address v0.4.0/go.mod h1:LRS1Ay0+mAiRkUyltGT+UHWkIqTFvigGn/LbMshfflE=
github.com/hashicorp/terraform-svchost v0.1.1 h1:EZZimZ1GxdqFRinZ1tpJwVxxt49xc/S52uzrw4x0jKQ=
github.com/hashicorp/terraform-svchost v0.1.1/go.mod h1:mNsjQfZyf/Jhz35v6/0LWcv26+X7JPS+buii2c9/ctc=
github.com/hashicorp/yamux v0.1.2 h1:XtB8kyFOyHXYVFnwT5C3+Bdo8gArse7j2AQ0DA0Uey8=
github.com/hashicorp/yamux v0.1.2/go.mod h1:C+zze2n6e/7wshOZep2A70/aQU6QBRWJO/G6FT1wIns=
github.com/mattn/go-colorable v0.1.9/go.mod h1:u6P/XSegPjTcexA+o6vUJrdnUu04hMope9wVRipJSqc=
github.com/mattn/go-colorable v0.1.12/go.mod h1:u5H1YNBxpqRaxsYJYSkiCWKzEfiAb1Gb520KVy5xxl4=
github.com/mattn/go-colorable v0.1.14 h1:9A9LHSqF/7dyVVX6g0U9cwm9pG3kP9gSzcuIPHPsaIE=
github.com/mattn/go-colorable v0.1.14/go.mod h1:6LmQG8QLFO4G5z1gPvYEzlUgJ2wF+stgPZH1UqBm1s8=
github.com/mattn/go-isatty v0.0.12/go.mod h1:cbi8OIDigv2wuxKPP5vlRcQ1OAZbq2CE4Kysco4FUpU=
github.com/mattn/go-isatty v0.0.14/go.mod h1:7GGIvUiUoEMVVmxf/4nioHXj79iQHKdU27kJ6hsGG94=
github.com/mattn/go-isatty v0.0.20 h1:xfD0iDuEKnDkl03q4limB+vH+GxLEtL/jb4xVJSWWEY=
github.com/mattn/go-isatty v0.0.20/go.mod h1:W+V8PltTTMOvKvAeJH7IuucS94S2C6jfK/D7dTCTo3Y=
github.com/mitchellh/copystructure v1.2.0 h1:vpKXTN4ewci03Vljg/q9QvCGUDttBOGBIa15WveJJGw=
github.com/mitchellh/copystructure v1.2.0/go.mod h1:qLl+cE2AmVv+CoeAwDPye/v+N2HKCj9FbZEVFJRxO9s=
github.com/mitchellh/go-testing-interface v1.14.1 h1:jrgshOhYAUVNMAJiKbEu7EqAwgJJ2JqpQmpLJOu07cU=
github.com/mitchellh/go-testing-interface v1.14.1/go.mod h1:gfgS7OtZj6MA4U1UrDRp04twqAjfvlZyCfX3sDjEym8=
github.com/mitchellh/go-wordwrap v1.0.1 h1:TLuKupo69TCn6TQSyGxwI1EblZZEsQ0vMlAFQflz0v0=
github.com/mitchellh/go-wordwrap v1.0.1/go.mod h1:R62XHJLzvMFRBbcrT7m7WgmE1eOyTSsCt+hzestvNj0=
github.com/mitchellh/mapstructure v1.5.0 h1:jeMsZIYE/09sWLaz43PL7Gy6RuMjD2eJVyuac5Z2hdY=
github.com/mitchellh/mapstructure v1.5.0/go.mod h1:bFUtVrKA4DC2yAKiSyO/QUcy7e+RRV2QTWOzhPopBRo=
github.com/mitchellh/reflectwalk v1.0.2 h1:G2LzWKi524PWgd3mLHV8Y5k7s6XUvT0Gef6zxSIeXaQ=
github.com/mitchellh/reflectwalk v1.0.2/go.mod h1:mSTlrgnPZtwu0c4WaC2kGObEpuNDbx0jmZXqmk4esnw=
github.com/oklog/run v1.2.0 h1:O8x3yXwah4A73hJdlrwo/2X6J62gE5qTMusH0dvz60E=
github.com/oklog/run v1.2.0/go.mod h1:mgDbKRSwPhJfesJ4PntqFUbKQRZ50NgmZTSPlFA0YFk=
github.com/pmezard/go-difflib v1.0.0/go.mod h1:iKH77koFhYxTK1pcRnkKkqfTogsbg7gZNVY4sRDYZ/4=
github.com/pmezard/go-difflib v1.0.1-0.20181226105442-5d4384ee4fb2 h1:Jamvg5psRIccs7FGNTlIRMkT8wgtp5eCXdBlqhYGL6U=
github.com/stackitcloud/stackit-sdk-go/core v0.24.1 h1:IrG0XBlJivUpXC4Y6TE+6FeSxNPs1JQXsero0ivwh0o=
github.com/stackitcloud/stackit-sdk-go/core v0.24.1/go.mod h1:osMglDby4csGZ5sIfhNyYq1bS1TxIdPY88+skE/kkmI=
github.com/stackitcloud/stackit-sdk-go/services/alb v0.12.1 h1:RKaxAymxlyxxE0Gta3yRuQWf07LnlcX+mfGnVB96NHA=
github.com/stackitcloud/stackit-sdk-go/services/alb v0.12.1/go.mod h1:FHkV5L9vCQha+5MX+NdMdYjQIHXcLr95+bu1FN91QOM=
github.com/stackitcloud/stackit-sdk-go/services/authorization v0.12.0 h1:HxPgBu04j5tj6nfZ2r0l6v4VXC0/tYOGe4sA5Addra8=
github.com/stackitcloud/stackit-sdk-go/services/authorization v0.12.0/go.mod h1:uYI9pHAA2g84jJN25ejFUxa0/JtfpPZqMDkctQ1BzJk=
github.com/stackitcloud/stackit-sdk-go/services/cdn v1.13.0 h1:iRJK2d3I2QqWp8hqhxlkCtQDNb7fwKHkik9ogmcx2o8=
github.com/stackitcloud/stackit-sdk-go/services/cdn v1.13.0/go.mod h1:URWWMIbvq4YgWdGYCbccr3eat4Y+0qRpufZsEAsvoLM=
github.com/stackitcloud/stackit-sdk-go/services/certificates v1.4.1 h1:RBY/mNR4H8Vd/7z0nky+AQNvoaZ16hvrGSuYi1YLLao=
github.com/stackitcloud/stackit-sdk-go/services/certificates v1.4.1/go.mod h1:3R/RwYdBc1s6WZNhToWs0rBDropbNRM7okOAdjY3rpU=
github.com/stackitcloud/stackit-sdk-go/services/dns v0.19.1 h1:VfszhFq/Snsd0LnflS8PbM0d9cG98hOFpamfjlcTnDQ=
github.com/stackitcloud/stackit-sdk-go/services/dns v0.19.1/go.mod h1:gBv6YkB3Xf3c0ZXg2GwtWY8zExwGPF/Ag114XiiERxg=
github.com/stackitcloud/stackit-sdk-go/services/edge v0.8.0 h1:lsOTEvItzrUerCzUodyyOy6pZ4QiSzwID7U20ZvZvHw=
github.com/stackitcloud/stackit-sdk-go/services/edge v0.8.0/go.mod h1:CfqSEGCW0b5JlijCwtUT1kfjThmQ5jXX47TWrdD5rTU=
github.com/stackitcloud/stackit-sdk-go/services/git v0.11.0 h1:siKBCYl7BwR5S25Y4SwUAX6eFTXSCkQ+8JIQEqyKIXo=
github.com/stackitcloud/stackit-sdk-go/services/git v0.11.0/go.mod h1:QKy74hhLVZKXItw3y+elF8s9QezFqpEsAUmaqvNDzYs=
github.com/stackitcloud/stackit-sdk-go/services/iaas v1.3.5 h1:W57+XRa8wTLsi5CV9Tqa7mGgt/PvlRM//RurXSmvII8=
github.com/stackitcloud/stackit-sdk-go/services/iaas v1.3.5/go.mod h1:lTWjW57eAq1bwfM6nsNinhoBr3MHFW/GaFasdAsYfDM=
github.com/stackitcloud/stackit-sdk-go/services/kms v1.6.0 h1:WWU2LpqmazsPDgoRAVrhLzo2MiNU9dNim81z793DbBU=
github.com/stackitcloud/stackit-sdk-go/services/kms v1.6.0/go.mod h1:FuyCm3s/Ihw+tkpVLGMXwgTtlhrijd31cUCUBWpn1p8=
github.com/stackitcloud/stackit-sdk-go/services/loadbalancer v1.11.1 h1:8hLLCP4n9w3K3dqJaKF1PnMpX4qjR8UQL3gDr80hgDI=
github.com/stackitcloud/stackit-sdk-go/services/loadbalancer v1.11.1/go.mod h1:vqTjmecQ4+oVWzeo9tCOUZ3TrpIIzM+C0apC7cdAD0Y=
github.com/stackitcloud/stackit-sdk-go/services/logme v0.27.1 h1:6AaWxQNtOEvIvbtyySi5KIrNzxGbKgOayUnA3fpuqns=
github.com/stackitcloud/stackit-sdk-go/services/logme v0.27.1/go.mod h1:qwpGNPgF7LmfodGPXcgv9uldeSSuFMNJkyD6QPqfiCI=
github.com/stackitcloud/stackit-sdk-go/services/logs v0.7.1 h1:cuQA5dO8WSM0LBHR2FBpf+RgKH7/DE7+5NUPLxDpgPg=
github.com/stackitcloud/stackit-sdk-go/services/logs v0.7.1/go.mod h1:di3QDHwOlpa99dXRuGLcuyDCi0A+zlMtgzYi2okQMr8=
github.com/stackitcloud/stackit-sdk-go/services/mariadb v0.27.1 h1:YK2HxO+Nffe5BTt8jtWUyyES3sarjIH1GWlrqRaa4Ec=
github.com/stackitcloud/stackit-sdk-go/services/mariadb v0.27.1/go.mod h1:/8x9gLPt1ZqcAtyVP3dwqKA9FtdHMn5pcy1TSS5iSSg=
github.com/stackitcloud/stackit-sdk-go/services/modelserving v0.8.1 h1:qBPfWK6Xpi7eYFAZCOR4H2wkJqZMRadfAbBdJ4Qrktk=
github.com/stackitcloud/stackit-sdk-go/services/modelserving v0.8.1/go.mod h1:b8L6f68HZce01y+eZ1o7KTRAkgpWhggpvakAEwnxnCs=
github.com/stackitcloud/stackit-sdk-go/services/mongodbflex v1.7.2 h1:ymhDgp6+RXBvmi9nugaVCi3MN0q2pC62SD+Nh5nTB84=
github.com/stackitcloud/stackit-sdk-go/services/mongodbflex v1.7.2/go.mod h1:gm7KzHv788MZ2BPimrlRk3ueV8EBN4JACg/MtotGC70=
github.com/stackitcloud/stackit-sdk-go/services/objectstorage v1.7.0 h1:UxnbsKm6PQV8Gudw/EhySaEh9q1xSaTG8mzJz1EvhnE=
github.com/stackitcloud/stackit-sdk-go/services/objectstorage v1.7.0/go.mod h1:RFL4h6JZvpsyFYbdJ3+eINEkletzJQTfrPdd+yPT/fU=
github.com/stackitcloud/stackit-sdk-go/services/observability v0.17.0 h1:LGwCvvST0fwUgZ6bOxYIfu45qqTgv421ZS07UhKjZL8=
github.com/stackitcloud/stackit-sdk-go/services/observability v0.17.0/go.mod h1:9KdrXC5JS30Ay3mR0adb3vNdhca+qxiy/cPF5P4wehQ=
github.com/stackitcloud/stackit-sdk-go/services/opensearch v0.26.1 h1:AO5Np67/w0AUdhb6yk+CTXMzMkGdQPudmI8ryWp94fQ=
github.com/stackitcloud/stackit-sdk-go/services/opensearch v0.26.1/go.mod h1:Reo2Nk3yiA686quUMrk0eKwzpzaAZ7KwmzHzScNdG8Q=
github.com/stackitcloud/stackit-sdk-go/services/postgresflex v1.3.5 h1:H67e3KnHQx954yI8fuQmxXwRf/myqAdLg2KvxImp00g=
github.com/stackitcloud/stackit-sdk-go/services/postgresflex v1.3.5/go.mod h1:xmAWk9eom8wznvLuLfm0F4xyeiBX8LaggXsKFmos+dw=
github.com/stackitcloud/stackit-sdk-go/services/rabbitmq v0.29.0 h1:I8NF8Q5nRj7/7qDI8Qm4oI0KCNQcOjE6kqyBdWcUoxk=
github.com/stackitcloud/stackit-sdk-go/services/rabbitmq v0.29.0/go.mod h1:wk2Oz+7pxT9YF1h6elWzdlhU6V7GSQXcGixxlXxNe+U=
github.com/stackitcloud/stackit-sdk-go/services/redis v0.27.3 h1:wZIGETPQ1aiJwzJMVjatdu/Kv+/yuKVOf5RaMWW9bpU=
github.com/stackitcloud/stackit-sdk-go/services/redis v0.27.3/go.mod h1:jgWx29zvZP0R3tXAC/qWU5eBsPfLBJFP96mx9hwdFPM=
github.com/stackitcloud/stackit-sdk-go/services/resourcemanager v0.20.0 h1:bT/qoghsdKvLomCay9Wj4Fu63lx0cD2zr23Fjqzgotc=
github.com/stackitcloud/stackit-sdk-go/services/resourcemanager v0.20.0/go.mod h1:jiPIzF8lcm5Dx0TkDK2CBgeRBHSRUqwyX+z/zqo1bes=
github.com/stackitcloud/stackit-sdk-go/services/scf v0.6.1 h1:ayfCRRVTVwFGQMfjmXaDhiLyif53ibTu7zNhUTnNh2w=
github.com/stackitcloud/stackit-sdk-go/services/scf v0.6.1/go.mod h1:26fU2pMiIxUZ+Az5ux3vMtaVVzhK6md+lvW0s+ONVU0=
github.com/stackitcloud/stackit-sdk-go/services/secretsmanager v0.14.3 h1:3hZSg3z+4AXa5LbR2Vl38VmSA83ABItE63E53LuyWv8=
github.com/stackitcloud/stackit-sdk-go/services/secretsmanager v0.14.3/go.mod h1:5unx5r0IgeFCtJDEgsWddtgKvYSw442FDNdhtfyJnQI=
github.com/stackitcloud/stackit-sdk-go/services/serverbackup v1.3.8 h1:LLyANBzE8sQa0/49tQBqq4sVLhNgwdqCeQm76srJHWw=
github.com/stackitcloud/stackit-sdk-go/services/serverbackup v1.3.8/go.mod h1:/bmg57XZu+bGczzcoumrukiGMPGzI2mOyTT4BVIQUBs=
github.com/stackitcloud/stackit-sdk-go/services/serverupdate v1.2.6 h1:sQ3fdtUjgIL2Ul8nRYVVacHOwi5aSMTGGbYVL30oQBU=
github.com/stackitcloud/stackit-sdk-go/services/serverupdate v1.2.6/go.mod h1:3fjlL+9YtuI9Oocl1ZeYIK48ImtY4DwPggFhqAygr7o=
github.com/stackitcloud/stackit-sdk-go/services/serviceaccount v0.12.0 h1:l1EDIlXce2C8JcbBDHVa6nZ4SjPTqmnALTgrhms+NKI=
github.com/stackitcloud/stackit-sdk-go/services/serviceaccount v0.12.0/go.mod h1:EXq8/J7t9p8zPmdIq+atuxyAbnQwxrQT18fI+Qpv98k=
github.com/stackitcloud/stackit-sdk-go/services/serviceenablement v1.4.1 h1:HZnZju8yqpvRIs71PEk54Jov6p+jiKIIlN+J+4tvcL0=
github.com/stackitcloud/stackit-sdk-go/services/serviceenablement v1.4.1/go.mod h1:wBxlGcNeQPIh1aS4xYqJuN2z6haSHRwzne6drN5ROfM=
github.com/stackitcloud/stackit-sdk-go/services/sfs v0.6.3 h1:LEdPJ6f9pbrft+HlIIzRcCQog58b7UKVm4ObiOH8H4o=
github.com/stackitcloud/stackit-sdk-go/services/sfs v0.6.3/go.mod h1:qO2+XOzLy9rRTDo3IvXJd4uZsl6d1npa2cyQvaY4/Fw=
github.com/stackitcloud/stackit-sdk-go/services/ske v1.7.0 h1:l1QjxW7sdE/6B6BZtHxbmus8XJdI9KDuXX3fwUa5fog=
github.com/stackitcloud/stackit-sdk-go/services/ske v1.7.0/go.mod h1:1Jr+ImrmPERxbYnlTy6O2aSZYNnREf2qQyysv6YC1RY=
github.com/stackitcloud/stackit-sdk-go/services/sqlserverflex v1.6.1 h1:aUpKF2aF8WKsHawXPFnKsRlAcaHkRg6UL0sVjuQqB74=
github.com/stackitcloud/stackit-sdk-go/services/sqlserverflex v1.6.1/go.mod h1:1rYtgXQWSv0ykMZ6p7vXcmccGcwR37omNh9FMKLNwck=
github.com/stackitcloud/terraform-provider-stackit v0.91.0 h1:/km4XO0H1/kudFF9W93/9CeN/tKOnnu3vMy5uANNn6U=
github.com/stackitcloud/terraform-provider-stackit v0.91.0/go.mod h1:IO7GljXoPviiwb9X+JGQUxkkqGSu9E4hjdGrLhpsVfI=
github.com/stretchr/objx v0.1.0/go.mod h1:HFkY916IF+rwdDfMAkV7OtwuqBVzrE8GR6GFx+wExME=
github.com/stretchr/testify v1.7.2/go.mod h1:R6va5+xMeoiuVRoj+gSkQ7d3FALtqAAGI1FQKckRals=
github.com/stretchr/testify v1.11.1 h1:7s2iGBzp5EwR7/aIZr8ao5+dra3wiQyKjjFuvgVKu7U=
github.com/stretchr/testify v1.11.1/go.mod h1:wZwfW3scLgRK+23gO65QZefKpKQRnfz6sD981Nm4B6U=
github.com/teambition/rrule-go v1.8.2 h1:lIjpjvWTj9fFUZCmuoVDrKVOtdiyzbzc93qTmRVe/J8=
github.com/teambition/rrule-go v1.8.2/go.mod h1:Ieq5AbrKGciP1V//Wq8ktsTXwSwJHDD5mD/wLBGl3p4=
github.com/vmihailenco/msgpack v4.0.4+incompatible h1:dSLoQfGFAo3F6OoNhwUmLwVgaUXK79GlxNBwueZn0xI=
github.com/vmihailenco/msgpack v4.0.4+incompatible/go.mod h1:fy3FlTQTDXWkZ7Bh6AcGMlsjHatGryHQYUTf1ShIgkk=
github.com/vmihailenco/msgpack/v5 v5.4.1 h1:cQriyiUvjTwOHg8QZaPihLWeRAAVoCpE00IUPn0Bjt8=
github.com/vmihailenco/msgpack/v5 v5.4.1/go.mod h1:GaZTsDaehaPpQVyxrf5mtQlH+pc21PIudVV/E3rRQok=
github.com/vmihailenco/tagparser/v2 v2.0.0 h1:y09buUbR+b5aycVFQs/g70pqKVZNBmxwAhO7/IwNM9g=
github.com/vmihailenco/tagparser/v2 v2.0.0/go.mod h1:Wri+At7QHww0WTrCBeu4J6bNtoV6mEfg5OIWRZA9qds=
github.com/zclconf/go-cty v1.17.0 h1:seZvECve6XX4tmnvRzWtJNHdscMtYEx5R7bnnVyd/d0=
github.com/zclconf/go-cty v1.17.0/go.mod h1:wqFzcImaLTI6A5HfsRwB0nj5n0MRZFwmey8YoFPPs3U=
golang.org/x/crypto v0.49.0 h1:+Ng2ULVvLHnJ/ZFEq4KdcDd/cfjrrjjNSXNzxg0Y4U4=
golang.org/x/crypto v0.49.0/go.mod h1:ErX4dUh2UM+CFYiXZRTcMpEcN8b/1gxEuv3nODoYtCA=
golang.org/x/mod v0.34.0 h1:xIHgNUUnW6sYkcM5Jleh05DvLOtwc6RitGHbDk4akRI=
golang.org/x/mod v0.34.0/go.mod h1:ykgH52iCZe79kzLLMhyCUzhMci+nQj+0XkbXpNYtVjY=
golang.org/x/net v0.52.0 h1:He/TN1l0e4mmR3QqHMT2Xab3Aj3L9qjbhRm78/6jrW0=
golang.org/x/net v0.52.0/go.mod h1:R1MAz7uMZxVMualyPXb+VaqGSa3LIaUqk0eEt3w36Sw=
golang.org/x/sync v0.20.0 h1:e0PTpb7pjO8GAtTs2dQ6jYa5BWYlMuX047Dco/pItO4=
golang.org/x/sync v0.20.0/go.mod h1:9xrNwdLfx4jkKbNva9FpL6vEN7evnE43NNNJQ2LF3+0=
golang.org/x/sys v0.0.0-20200116001909-b77594299b42/go.mod h1:h1NjWce9XRLGQEsW7wpKNCjG9DtNlClVuFLEZdDNbEs=
golang.org/x/sys v0.0.0-20200223170610-d5e6a3e2c0ae/go.mod h1:h1NjWce9XRLGQEsW7wpKNCjG9DtNlClVuFLEZdDNbEs=
golang.org/x/sys v0.0.0-20210630005230-0f9fa26af87c/go.mod h1:oPkhp1MJrh7nUepCBck5+mAzfO9JrbApNNgaTdGDITg=
golang.org/x/sys v0.0.0-20210927094055-39ccf1dd6fa6/go.mod h1:oPkhp1MJrh7nUepCBck5+mAzfO9JrbApNNgaTdGDITg=
golang.org/x/sys v0.0.0-20220503163025-988cb79eb6c6/go.mod h1:oPkhp1MJrh7nUepCBck5+mAzfO9JrbApNNgaTdGDITg=
golang.org/x/sys v0.6.0/go.mod h1:oPkhp1MJrh7nUepCBck5+mAzfO9JrbApNNgaTdGDITg=
golang.org/x/sys v0.42.0 h1:omrd2nAlyT5ESRdCLYdm3+fMfNFE/+Rf4bDIQImRJeo=
golang.org/x/sys v0.42.0/go.mod h1:4GL1E5IUh+htKOUEOaiffhrAeqysfVGipDYzABqnCmw=
golang.org/x/text v0.35.0 h1:JOVx6vVDFokkpaq1AEptVzLTpDe9KGpj5tR4/X+ybL8=
golang.org/x/text v0.35.0/go.mod h1:khi/HExzZJ2pGnjenulevKNX1W67CUy0AsXcNubPGCA=
golang.org/x/tools v0.43.0 h1:12BdW9CeB3Z+J/I/wj34VMl8X+fEXBxVR90JeMX5E7s=
golang.org/x/tools v0.43.0/go.mod h1:uHkMso649BX2cZK6+RpuIPXS3ho2hZo4FVwfoy1vIk0=
google.golang.org/appengine v1.6.8 h1:IhEN5q69dyKagZPYMSdIjS2HqprW324FRQZJcGqPAsM=
google.golang.org/appengine v1.6.8/go.mod h1:1jJ3jBArFh5pcgW8gCtRJnepW8FzD1V44FJffLiz/Ds=
google.golang.org/genproto/googleapis/rpc v0.0.0-20260401024825-9d38bb4040a9 h1:m8qni9SQFH0tJc1X0vmnpw/0t+AImlSvp30sEupozUg=
google.golang.org/grpc v1.80.0 h1:Xr6m2WmWZLETvUNvIUmeD5OAagMw3FiKmMlTdViWsHM=
google.golang.org/protobuf v1.36.11 h1:fV6ZwhNocDyBLK0dj+fg8ektcVegBBuEolpbTQyBNVE=
google.golang.org/protobuf v1.36.11/go.mod h1:HTf+CrKn2C3g5S8VImy6tdcUvCska2kB7j23XfzDpco=
gopkg.in/check.v1 v0.0.0-20161208181325-20d25e280405/go.mod h1:Co6ibVJAznAaIkqp8huTwlJQCZ016jof/cbN4VW5Yz0=
gopkg.in/yaml.v3 v3.0.1 h1:fxVm/GzAzEWqLHuvctI91KS9hhNmmWOoWu0XTYJS7CA=
gopkg.in/yaml.v3 v3.0.1/go.mod h1:K4uyk7z7BCEPqu6E+C64Yfv1cQ7kz7rIZviUmN+EgEM=
